
Microsoft Visual Studio Solution File, Format Version 11.00
# Visual Studio 2010
Project("{FAE04EC0-301F-11D3-BF4B-00C04F79EFBC}") = "RemindMyPassword", "RemindMyPassword\RemindMyPassword.csproj", "{900CE1FA-E07B-4233-AE15-F2CFAC192A5C}"
EndProject
Project("{FAE04EC0-301F-11D3-BF4B-00C04F79EFBC}") = "DataLayer", "DataLayer\DataLayer.csproj", "{6BAB4CC1-4F8E-48E6-932C-3CCC1A5B4B81}"
EndProject
Project("{FAE04EC0-301F-11D3-BF4B-00C04F79EFBC}") = "RMPWcfService", "RMPWcfService\RMPWcfService.csproj", "{A251192E-243D-4C1C-815A-691B6BEEBE76}"
EndProject
Global
	GlobalSection(SolutionConfigurationPlatforms) = preSolution
		Debug|Any CPU = Debug|Any CPU
		Release|Any CPU = Release|Any CPU
	EndGlobalSection
	GlobalSection(ProjectConfigurationPlatforms) = postSolution
		{900CE1FA-E07B-4233-AE15-F2CFAC192A5C}.Debug|Any CPU.ActiveCfg = Debug|Any CPU
		{900CE1FA-E07B-4233-AE15-F2CFAC192A5C}.Debug|Any CPU.Build.0 = Debug|Any CPU
		{900CE1FA-E07B-4233-AE15-F2CFAC192A5C}.Release|Any CPU.ActiveCfg = Release|Any CPU
		{900CE1FA-E07B-4233-AE15-F2CFAC192A5C}.Release|Any CPU.Build.0 = Release|Any CPU
		{6BAB4CC1-4F8E-48E6-932C-3CCC1A5B4B81}.Debug|Any CPU.ActiveCfg = Debug|Any CPU
		{6BAB4CC1-4F8E-48E6-932C-3CCC1A5B4B81}.Debug|Any CPU.Build.0 = Debug|Any CPU
		{6BAB4CC1-4F8E-48E6-932C-3CCC1A5B4B81}.Release|Any CPU.ActiveCfg = Release|Any CPU
		{6BAB4CC1-4F8E-48E6-932C-3CCC1A5B4B81}.Release|Any CPU.Build.0 = Release|Any CPU
		{A251192E-243D-4C1C-815A-691B6BEEBE76}.Debug|Any CPU.ActiveCfg = Debug|Any CPU
		{A251192E-243D-4C1C-815A-691B6BEEBE76}.Debug|Any CPU.Build.0 = Debug|Any CPU
		{A251192E-243D-4C1C-815A-691B6BEEBE76}.Release|Any CPU.ActiveCfg = Release|Any CPU
		{A251192E-243D-4C1C-815A-691B6BEEBE76}.Release|Any CPU.Build.0 = Release|Any CPU
	EndGlobalSection
	GlobalSection(SolutionProperties) = preSolution
		HideSolutionNode = FALSE
	EndGlobalSection
EndGlobal
